
Microsoft Visual Studio Solution File, Format Version 12.00
# Visual Studio Version 17
VisualStudioVersion = 17.4.33213.308
MinimumVisualStudioVersion = 10.0.40219.1
Project("{8BC9CEB8-8B4A-11D0-8D11-00A0C91BC942}") = "Complete Loading Screen Collection for MM+", "src\Complete Loading Screen Collection for MM+\Complete Loading Screen Collection for MM+.vcxproj", "{B63EC89A-12B7-4908-BA4C-4936BD7C94C1}"
EndProject
Project("{8BC9CEB8-8B4A-11D0-8D11-00A0C91BC942}") = "Complete Loading Screen Customizable for MM+", "src\Complete Loading Screen Customizable for MM+\Complete Loading Screen Customizable for MM+.vcxproj", "{2024204A-ABC3-461E-9117-0E6DB0007D81}"
EndProject
Project("{8BC9CEB8-8B4A-11D0-8D11-00A0C91BC942}") = "X UI for MM+", "src\X UI for MM+\X UI for MM+.vcxproj", "{AA4D46C2-F8A4-4DD6-A577-5D2492583673}"
EndProject
Project("{8BC9CEB8-8B4A-11D0-8D11-00A0C91BC942}") = "F, F2nd and X UI Loading for MM+", "src\F, F2nd and X UI Loading for MM+\F, F2nd and X UI Loading for MM+.vcxproj", "{BF7049F1-5BBD-4428-B45E-C18C98F9A3B5}"
EndProject
Project("{8BC9CEB8-8B4A-11D0-8D11-00A0C91BC942}") = "X UI Loading for MM+", "src\X UI Loading for MM+\X UI Loading for MM+.vcxproj", "{F4D54E54-6AE0-40CF-97A9-1B505F2AF3F7}"
EndProject
Project("{8BC9CEB8-8B4A-11D0-8D11-00A0C91BC942}") = "Steam Card Loading Screens", "src\Steam Card Loading Screens\Steam Card Loading Screens.vcxproj", "{57F988E7-987C-4E21-A9D5-E2DC3442ACDF}"
EndProject
Project("{8BC9CEB8-8B4A-11D0-8D11-00A0C91BC942}") = "Joshua's Loading Screens", "src\Joshua's Loading Screens\Joshua's Loading Screens.vcxproj", "{0E2CB959-E2A4-4D8F-853B-4C93CA380249}"
EndProject
Project("{8BC9CEB8-8B4A-11D0-8D11-00A0C91BC942}") = "Vocaloids sing SEGA +", "src\Vocaloids sing SEGA +\Vocaloids sing SEGA +.vcxproj", "{0AB3A911-8E50-4932-BF82-A0AD361A689D}"
EndProject
Project("{8BC9CEB8-8B4A-11D0-8D11-00A0C91BC942}") = "Opening replacements", "src\Opening replacements\Opening replacements.vcxproj", "{FDE22BA1-F558-4657-AE56-A93E16D17519}"
EndProject
Project("{8BC9CEB8-8B4A-11D0-8D11-00A0C91BC942}") = "Project Sekai 3rd anniversary title screen", "src\Project Sekai 3rd anniversary title screen\Project Sekai 3rd anniversary title screen.vcxproj", "{AC80DC4E-6F0F-4285-B1A2-C05F574BD26A}"
EndProject
Project("{8BC9CEB8-8B4A-11D0-8D11-00A0C91BC942}") = "Project Mirai Combo SE", "src\Project Mirai Combo SE\Project Mirai Combo SE.vcxproj", "{EC5A9E82-7CF0-47F6-A662-966A4D4093AB}"
EndProject
Project("{8BC9CEB8-8B4A-11D0-8D11-00A0C91BC942}") = "Title Screen Voice Announcement", "src\Title Screen Voice Announcement\Title Screen Voice Announcement.vcxproj", "{8FEC0FB4-29A9-40E6-AF25-D1D3FB591007}"
EndProject
Global
	GlobalSection(SolutionConfigurationPlatforms) = preSolution
		Debug|x64 = Debug|x64
		Debug|x86 = Debug|x86
		Release|x64 = Release|x64
		Release|x86 = Release|x86
	EndGlobalSection
	GlobalSection(ProjectConfigurationPlatforms) = postSolution
		{B63EC89A-12B7-4908-BA4C-4936BD7C94C1}.Debug|x64.ActiveCfg = Debug|x64
		{B63EC89A-12B7-4908-BA4C-4936BD7C94C1}.Debug|x64.Build.0 = Debug|x64
		{B63EC89A-12B7-4908-BA4C-4936BD7C94C1}.Debug|x86.ActiveCfg = Debug|Win32
		{B63EC89A-12B7-4908-BA4C-4936BD7C94C1}.Debug|x86.Build.0 = Debug|Win32
		{B63EC89A-12B7-4908-BA4C-4936BD7C94C1}.Release|x64.ActiveCfg = Release|x64
		{B63EC89A-12B7-4908-BA4C-4936BD7C94C1}.Release|x64.Build.0 = Release|x64
		{B63EC89A-12B7-4908-BA4C-4936BD7C94C1}.Release|x86.ActiveCfg = Release|Win32
		{B63EC89A-12B7-4908-BA4C-4936BD7C94C1}.Release|x86.Build.0 = Release|Win32
		{2024204A-ABC3-461E-9117-0E6DB0007D81}.Debug|x64.ActiveCfg = Debug|x64
		{2024204A-ABC3-461E-9117-0E6DB0007D81}.Debug|x64.Build.0 = Debug|x64
		{2024204A-ABC3-461E-9117-0E6DB0007D81}.Debug|x86.ActiveCfg = Debug|Win32
		{2024204A-ABC3-461E-9117-0E6DB0007D81}.Debug|x86.Build.0 = Debug|Win32
		{2024204A-ABC3-461E-9117-0E6DB0007D81}.Release|x64.ActiveCfg = Release|x64
		{2024204A-ABC3-461E-9117-0E6DB0007D81}.Release|x64.Build.0 = Release|x64
		{2024204A-ABC3-461E-9117-0E6DB0007D81}.Release|x86.ActiveCfg = Release|Win32
		{2024204A-ABC3-461E-9117-0E6DB0007D81}.Release|x86.Build.0 = Release|Win32
		{AA4D46C2-F8A4-4DD6-A577-5D2492583673}.Debug|x64.ActiveCfg = Debug|x64
		{AA4D46C2-F8A4-4DD6-A577-5D2492583673}.Debug|x64.Build.0 = Debug|x64
		{AA4D46C2-F8A4-4DD6-A577-5D2492583673}.Debug|x86.ActiveCfg = Debug|Win32
		{AA4D46C2-F8A4-4DD6-A577-5D2492583673}.Debug|x86.Build.0 = Debug|Win32
		{AA4D46C2-F8A4-4DD6-A577-5D2492583673}.Release|x64.ActiveCfg = Release|x64
		{AA4D46C2-F8A4-4DD6-A577-5D2492583673}.Release|x64.Build.0 = Release|x64
		{AA4D46C2-F8A4-4DD6-A577-5D2492583673}.Release|x86.ActiveCfg = Release|Win32
		{AA4D46C2-F8A4-4DD6-A577-5D2492583673}.Release|x86.Build.0 = Release|Win32
		{BF7049F1-5BBD-4428-B45E-C18C98F9A3B5}.Debug|x64.ActiveCfg = Debug|x64
		{BF7049F1-5BBD-4428-B45E-C18C98F9A3B5}.Debug|x64.Build.0 = Debug|x64
		{BF7049F1-5BBD-4428-B45E-C18C98F9A3B5}.Debug|x86.ActiveCfg = Debug|Win32
		{BF7049F1-5BBD-4428-B45E-C18C98F9A3B5}.Debug|x86.Build.0 = Debug|Win32
		{BF7049F1-5BBD-4428-B45E-C18C98F9A3B5}.Release|x64.ActiveCfg = Release|x64
		{BF7049F1-5BBD-4428-B45E-C18C98F9A3B5}.Release|x64.Build.0 = Release|x64
		{BF7049F1-5BBD-4428-B45E-C18C98F9A3B5}.Release|x86.ActiveCfg = Release|Win32
		{BF7049F1-5BBD-4428-B45E-C18C98F9A3B5}.Release|x86.Build.0 = Release|Win32
		{F4D54E54-6AE0-40CF-97A9-1B505F2AF3F7}.Debug|x64.ActiveCfg = Debug|x64
		{F4D54E54-6AE0-40CF-97A9-1B505F2AF3F7}.Debug|x64.Build.0 = Debug|x64
		{F4D54E54-6AE0-40CF-97A9-1B505F2AF3F7}.Debug|x86.ActiveCfg = Debug|Win32
		{F4D54E54-6AE0-40CF-97A9-1B505F2AF3F7}.Debug|x86.Build.0 = Debug|Win32
		{F4D54E54-6AE0-40CF-97A9-1B505F2AF3F7}.Release|x64.ActiveCfg = Release|x64
		{F4D54E54-6AE0-40CF-97A9-1B505F2AF3F7}.Release|x64.Build.0 = Release|x64
		{F4D54E54-6AE0-40CF-97A9-1B505F2AF3F7}.Release|x86.ActiveCfg = Release|Win32
		{F4D54E54-6AE0-40CF-97A9-1B505F2AF3F7}.Release|x86.Build.0 = Release|Win32
		{57F988E7-987C-4E21-A9D5-E2DC3442ACDF}.Debug|x64.ActiveCfg = Debug|x64
		{57F988E7-987C-4E21-A9D5-E2DC3442ACDF}.Debug|x64.Build.0 = Debug|x64
		{57F988E7-987C-4E21-A9D5-E2DC3442ACDF}.Debug|x86.ActiveCfg = Debug|Win32
		{57F988E7-987C-4E21-A9D5-E2DC3442ACDF}.Debug|x86.Build.0 = Debug|Win32
		{57F988E7-987C-4E21-A9D5-E2DC3442ACDF}.Release|x64.ActiveCfg = Release|x64
		{57F988E7-987C-4E21-A9D5-E2DC3442ACDF}.Release|x64.Build.0 = Release|x64
		{57F988E7-987C-4E21-A9D5-E2DC3442ACDF}.Release|x86.ActiveCfg = Release|Win32
		{57F988E7-987C-4E21-A9D5-E2DC3442ACDF}.Release|x86.Build.0 = Release|Win32
		{0E2CB959-E2A4-4D8F-853B-4C93CA380249}.Debug|x64.ActiveCfg = Debug|x64
		{0E2CB959-E2A4-4D8F-853B-4C93CA380249}.Debug|x64.Build.0 = Debug|x64
		{0E2CB959-E2A4-4D8F-853B-4C93CA380249}.Debug|x86.ActiveCfg = Debug|Win32
		{0E2CB959-E2A4-4D8F-853B-4C93CA380249}.Debug|x86.Build.0 = Debug|Win32
		{0E2CB959-E2A4-4D8F-853B-4C93CA380249}.Release|x64.ActiveCfg = Release|x64
		{0E2CB959-E2A4-4D8F-853B-4C93CA380249}.Release|x64.Build.0 = Release|x64
		{0E2CB959-E2A4-4D8F-853B-4C93CA380249}.Release|x86.ActiveCfg = Release|Win32
		{0E2CB959-E2A4-4D8F-853B-4C93CA380249}.Release|x86.Build.0 = Release|Win32
		{0AB3A911-8E50-4932-BF82-A0AD361A689D}.Debug|x64.ActiveCfg = Debug|x64
		{0AB3A911-8E50-4932-BF82-A0AD361A689D}.Debug|x64.Build.0 = Debug|x64
		{0AB3A911-8E50-4932-BF82-A0AD361A689D}.Debug|x86.ActiveCfg = Debug|Win32
		{0AB3A911-8E50-4932-BF82-A0AD361A689D}.Debug|x86.Build.0 = Debug|Win32
		{0AB3A911-8E50-4932-BF82-A0AD361A689D}.Release|x64.ActiveCfg = Release|x64
		{0AB3A911-8E50-4932-BF82-A0AD361A689D}.Release|x64.Build.0 = Release|x64
		{0AB3A911-8E50-4932-BF82-A0AD361A689D}.Release|x86.ActiveCfg = Release|Win32
		{0AB3A911-8E50-4932-BF82-A0AD361A689D}.Release|x86.Build.0 = Release|Win32
		{FDE22BA1-F558-4657-AE56-A93E16D17519}.Debug|x64.ActiveCfg = Debug|x64
		{FDE22BA1-F558-4657-AE56-A93E16D17519}.Debug|x64.Build.0 = Debug|x64
		{FDE22BA1-F558-4657-AE56-A93E16D17519}.Debug|x86.ActiveCfg = Debug|Win32
		{FDE22BA1-F558-4657-AE56-A93E16D17519}.Debug|x86.Build.0 = Debug|Win32
		{FDE22BA1-F558-4657-AE56-A93E16D17519}.Release|x64.ActiveCfg = Release|x64
		{FDE22BA1-F558-4657-AE56-A93E16D17519}.Release|x64.Build.0 = Release|x64
		{FDE22BA1-F558-4657-AE56-A93E16D17519}.Release|x86.ActiveCfg = Release|Win32
		{FDE22BA1-F558-4657-AE56-A93E16D17519}.Release|x86.Build.0 = Release|Win32
		{AC80DC4E-6F0F-4285-B1A2-C05F574BD26A}.Debug|x64.ActiveCfg = Debug|x64
		{AC80DC4E-6F0F-4285-B1A2-C05F574BD26A}.Debug|x64.Build.0 = Debug|x64
		{AC80DC4E-6F0F-4285-B1A2-C05F574BD26A}.Debug|x86.ActiveCfg = Debug|Win32
		{AC80DC4E-6F0F-4285-B1A2-C05F574BD26A}.Debug|x86.Build.0 = Debug|Win32
		{AC80DC4E-6F0F-4285-B1A2-C05F574BD26A}.Release|x64.ActiveCfg = Release|x64
		{AC80DC4E-6F0F-4285-B1A2-C05F574BD26A}.Release|x64.Build.0 = Release|x64
		{AC80DC4E-6F0F-4285-B1A2-C05F574BD26A}.Release|x86.ActiveCfg = Release|Win32
		{AC80DC4E-6F0F-4285-B1A2-C05F574BD26A}.Release|x86.Build.0 = Release|Win32
		{EC5A9E82-7CF0-47F6-A662-966A4D4093AB}.Debug|x64.ActiveCfg = Debug|x64
		{EC5A9E82-7CF0-47F6-A662-966A4D4093AB}.Debug|x64.Build.0 = Debug|x64
		{EC5A9E82-7CF0-47F6-A662-966A4D4093AB}.Debug|x86.ActiveCfg = Debug|Win32
		{EC5A9E82-7CF0-47F6-A662-966A4D4093AB}.Debug|x86.Build.0 = Debug|Win32
		{EC5A9E82-7CF0-47F6-A662-966A4D4093AB}.Release|x64.ActiveCfg = Release|x64
		{EC5A9E82-7CF0-47F6-A662-966A4D4093AB}.Release|x64.Build.0 = Release|x64
		{EC5A9E82-7CF0-47F6-A662-966A4D4093AB}.Release|x86.ActiveCfg = Release|Win32
		{EC5A9E82-7CF0-47F6-A662-966A4D4093AB}.Release|x86.Build.0 = Release|Win32
		{8FEC0FB4-29A9-40E6-AF25-D1D3FB591007}.Debug|x64.ActiveCfg = Debug|x64
		{8FEC0FB4-29A9-40E6-AF25-D1D3FB591007}.Debug|x64.Build.0 = Debug|x64
		{8FEC0FB4-29A9-40E6-AF25-D1D3FB591007}.Debug|x86.ActiveCfg = Debug|Win32
		{8FEC0FB4-29A9-40E6-AF25-D1D3FB591007}.Debug|x86.Build.0 = Debug|Win32
		{8FEC0FB4-29A9-40E6-AF25-D1D3FB591007}.Release|x64.ActiveCfg = Release|x64
		{8FEC0FB4-29A9-40E6-AF25-D1D3FB591007}.Release|x64.Build.0 = Release|x64
		{8FEC0FB4-29A9-40E6-AF25-D1D3FB591007}.Release|x86.ActiveCfg = Release|Win32
		{8FEC0FB4-29A9-40E6-AF25-D1D3FB591007}.Release|x86.Build.0 = Release|Win32
	EndGlobalSection
	GlobalSection(SolutionProperties) = preSolution
		HideSolutionNode = FALSE
	EndGlobalSection
	GlobalSection(ExtensibilityGlobals) = postSolution
		SolutionGuid = {EE1368B6-9EF9-41C3-BD9D-003231A3DDB2}
	EndGlobalSection
EndGlobal
